
Microsoft Visual Studio Solution File, Format Version 12.00
# Visual Studio 2017
Project("{FAE04EC0-301F-11D3-BF4B-00C04F79EFBC}") = "Example 2D Project-updated", "Example 2D Project-updated.csproj", "{65EAD4E0-A5CE-323E-D865-4B93649EFFBA}"
EndProject
Project("{FAE04EC0-301F-11D3-BF4B-00C04F79EFBC}") = "Example 2D Project-updated.Editor.Plugins", "Example 2D Project-updated.Editor.Plugins.csproj", "{DD85A061-C10A-B323-F4D4-FA941CE12834}"
EndProject
Project("{FAE04EC0-301F-11D3-BF4B-00C04F79EFBC}") = "Example 2D Project-updated.Editor", "Example 2D Project-updated.Editor.csproj", "{D80D07F9-9233-094E-7D04-60540D3162ED}"
EndProject
Global
	GlobalSection(SolutionConfigurationPlatforms) = preSolution
		Debug|Any CPU = Debug|Any CPU
		Release|Any CPU = Release|Any CPU
	EndGlobalSection
	GlobalSection(ProjectConfigurationPlatforms) = postSolution
		{65EAD4E0-A5CE-323E-D865-4B93649EFFBA}.Debug|Any CPU.ActiveCfg = Debug|Any CPU
		{65EAD4E0-A5CE-323E-D865-4B93649EFFBA}.Debug|Any CPU.Build.0 = Debug|Any CPU
		{65EAD4E0-A5CE-323E-D865-4B93649EFFBA}.Release|Any CPU.ActiveCfg = Release|Any CPU
		{65EAD4E0-A5CE-323E-D865-4B93649EFFBA}.Release|Any CPU.Build.0 = Release|Any CPU
		{DD85A061-C10A-B323-F4D4-FA941CE12834}.Debug|Any CPU.ActiveCfg = Debug|Any CPU
		{DD85A061-C10A-B323-F4D4-FA941CE12834}.Debug|Any CPU.Build.0 = Debug|Any CPU
		{DD85A061-C10A-B323-F4D4-FA941CE12834}.Release|Any CPU.ActiveCfg = Release|Any CPU
		{DD85A061-C10A-B323-F4D4-FA941CE12834}.Release|Any CPU.Build.0 = Release|Any CPU
		{D80D07F9-9233-094E-7D04-60540D3162ED}.Debug|Any CPU.ActiveCfg = Debug|Any CPU
		{D80D07F9-9233-094E-7D04-60540D3162ED}.Debug|Any CPU.Build.0 = Debug|Any CPU
		{D80D07F9-9233-094E-7D04-60540D3162ED}.Release|Any CPU.ActiveCfg = Release|Any CPU
		{D80D07F9-9233-094E-7D04-60540D3162ED}.Release|Any CPU.Build.0 = Release|Any CPU
	EndGlobalSection
	GlobalSection(SolutionProperties) = preSolution
		HideSolutionNode = FALSE
	EndGlobalSection
EndGlobal
